
Microsoft Visual Studio Solution File, Format Version 12.00
# Visual Studio Version 17
VisualStudioVersion = 17.3.32804.467
MinimumVisualStudioVersion = 10.0.40219.1
Project("{FAE04EC0-301F-11D3-BF4B-00C04F79EFBC}") = "ProyectoFinalCoderHouse", "ProyectoFinalCoderHouse\ProyectoFinalCoderHouse.csproj", "{BFB6ABDC-B0EC-4FBC-BAFF-F41290671661}"
EndProject
Global
	GlobalSection(SolutionConfigurationPlatforms) = preSolution
		Debug|Any CPU = Debug|Any CPU
		Release|Any CPU = Release|Any CPU
	EndGlobalSection
	GlobalSection(ProjectConfigurationPlatforms) = postSolution
		{BFB6ABDC-B0EC-4FBC-BAFF-F41290671661}.Debug|Any CPU.ActiveCfg = Debug|Any CPU
		{BFB6ABDC-B0EC-4FBC-BAFF-F41290671661}.Debug|Any CPU.Build.0 = Debug|Any CPU
		{BFB6ABDC-B0EC-4FBC-BAFF-F41290671661}.Release|Any CPU.ActiveCfg = Release|Any CPU
		{BFB6ABDC-B0EC-4FBC-BAFF-F41290671661}.Release|Any CPU.Build.0 = Release|Any CPU
	EndGlobalSection
	GlobalSection(SolutionProperties) = preSolution
		HideSolutionNode = FALSE
	EndGlobalSection
	GlobalSection(ExtensibilityGlobals) = postSolution
		SolutionGuid = {26F5F260-5B4A-4D6A-94D2-F6E040DA18A3}
	EndGlobalSection
EndGlobal
